
Microsoft Visual Studio Solution File, Format Version 12.00
# Visual Studio Version 17
VisualStudioVersion = 17.6.33801.468
MinimumVisualStudioVersion = 10.0.40219.1
Project("{9A19103F-16F7-4668-BE54-9A1E7A4F7556}") = "SoftlineTestTaskApp", "SoftlineTestTaskApp\SoftlineTestTaskApp.csproj", "{5272BAD2-7D95-48AB-95D7-FC7D165331D8}"
EndProject
Project("{FAE04EC0-301F-11D3-BF4B-00C04F79EFBC}") = "SoftlineTestTaskApp.Domain", "SoftlineTestTaskApp.Domain\SoftlineTestTaskApp.Domain.csproj", "{87EDE210-0311-4435-AC00-C6E9C292585C}"
EndProject
Project("{FAE04EC0-301F-11D3-BF4B-00C04F79EFBC}") = "SoftlineTestTaskApp.DAL", "SoftlineTestTaskApp.DAL\SoftlineTestTaskApp.DAL.csproj", "{60940247-4A19-4C27-BCC1-310C249D5CFD}"
EndProject
Project("{FAE04EC0-301F-11D3-BF4B-00C04F79EFBC}") = "SoftlineTestTaskApp.Services", "SoftlineTestTaskApp.Services\SoftlineTestTaskApp.Services.csproj", "{27F2A1D9-9651-4A78-92BC-74B59BC6B41A}"
EndProject
Global
	GlobalSection(SolutionConfigurationPlatforms) = preSolution
		Debug|Any CPU = Debug|Any CPU
		Release|Any CPU = Release|Any CPU
	EndGlobalSection
	GlobalSection(ProjectConfigurationPlatforms) = postSolution
		{5272BAD2-7D95-48AB-95D7-FC7D165331D8}.Debug|Any CPU.ActiveCfg = Debug|Any CPU
		{5272BAD2-7D95-48AB-95D7-FC7D165331D8}.Debug|Any CPU.Build.0 = Debug|Any CPU
		{5272BAD2-7D95-48AB-95D7-FC7D165331D8}.Release|Any CPU.ActiveCfg = Release|Any CPU
		{5272BAD2-7D95-48AB-95D7-FC7D165331D8}.Release|Any CPU.Build.0 = Release|Any CPU
		{87EDE210-0311-4435-AC00-C6E9C292585C}.Debug|Any CPU.ActiveCfg = Debug|Any CPU
		{87EDE210-0311-4435-AC00-C6E9C292585C}.Debug|Any CPU.Build.0 = Debug|Any CPU
		{87EDE210-0311-4435-AC00-C6E9C292585C}.Release|Any CPU.ActiveCfg = Release|Any CPU
		{87EDE210-0311-4435-AC00-C6E9C292585C}.Release|Any CPU.Build.0 = Release|Any CPU
		{60940247-4A19-4C27-BCC1-310C249D5CFD}.Debug|Any CPU.ActiveCfg = Debug|Any CPU
		{60940247-4A19-4C27-BCC1-310C249D5CFD}.Debug|Any CPU.Build.0 = Debug|Any CPU
		{60940247-4A19-4C27-BCC1-310C249D5CFD}.Release|Any CPU.ActiveCfg = Release|Any CPU
		{60940247-4A19-4C27-BCC1-310C249D5CFD}.Release|Any CPU.Build.0 = Release|Any CPU
		{27F2A1D9-9651-4A78-92BC-74B59BC6B41A}.Debug|Any CPU.ActiveCfg = Debug|Any CPU
		{27F2A1D9-9651-4A78-92BC-74B59BC6B41A}.Debug|Any CPU.Build.0 = Debug|Any CPU
		{27F2A1D9-9651-4A78-92BC-74B59BC6B41A}.Release|Any CPU.ActiveCfg = Release|Any CPU
		{27F2A1D9-9651-4A78-92BC-74B59BC6B41A}.Release|Any CPU.Build.0 = Release|Any CPU
	EndGlobalSection
	GlobalSection(SolutionProperties) = preSolution
		HideSolutionNode = FALSE
	EndGlobalSection
	GlobalSection(ExtensibilityGlobals) = postSolution
		SolutionGuid = {1EC9D878-2393-47D7-B231-4BE1067A8891}
	EndGlobalSection
EndGlobal
